// !$*UTF8*$!
{
	archiveVersion = 1;
	classes = {
	};
	objectVersion = 46;
	objects = {

/* Begin PBXBuildFile section */
		333F14121B9F1216007E9D87 /* SettingsTableViewController.swift in Sources */ = {isa = PBXBuildFile; fileRef = 333F14111B9F1216007E9D87 /* SettingsTableViewController.swift */; };
		333F14161B9F34DF007E9D87 /* ProfileEditTableViewController.swift in Sources */ = {isa = PBXBuildFile; fileRef = 333F14151B9F34DF007E9D87 /* ProfileEditTableViewController.swift */; };
		333F14191B9F56F4007E9D87 /* ResetPasswordViewController.swift in Sources */ = {isa = PBXBuildFile; fileRef = 333F14181B9F56F4007E9D87 /* ResetPasswordViewController.swift */; };
		3382772D1B7A0A0900986831 /* SignupViewController.swift in Sources */ = {isa = PBXBuildFile; fileRef = 3382772C1B7A0A0900986831 /* SignupViewController.swift */; };
		3382772F1B7A0AB300986831 /* UserResponse.swift in Sources */ = {isa = PBXBuildFile; fileRef = 3382772E1B7A0AB300986831 /* UserResponse.swift */; };
		338277311B7A0CAA00986831 /* LoginNavigationController.swift in Sources */ = {isa = PBXBuildFile; fileRef = 338277301B7A0CAA00986831 /* LoginNavigationController.swift */; };
		33EB66D21B9DF01D00760DAB /* LoginTextField.swift in Sources */ = {isa = PBXBuildFile; fileRef = 33EB66D11B9DF01D00760DAB /* LoginTextField.swift */; };
		33EB66D41B9DF91C00760DAB /* LoginButton.swift in Sources */ = {isa = PBXBuildFile; fileRef = 33EB66D31B9DF91C00760DAB /* LoginButton.swift */; };
		33EB66D61B9DFEAA00760DAB /* UIButton+BGColor.swift in Sources */ = {isa = PBXBuildFile; fileRef = 33EB66D51B9DFEAA00760DAB /* UIButton+BGColor.swift */; };
		33ED218E1B789139002E3711 /* AppDelegate.swift in Sources */ = {isa = PBXBuildFile; fileRef = 33ED218D1B789139002E3711 /* AppDelegate.swift */; };
		33ED21931B789139002E3711 /* Main.storyboard in Resources */ = {isa = PBXBuildFile; fileRef = 33ED21911B789139002E3711 /* Main.storyboard */; };
		33ED21951B789139002E3711 /* Images.xcassets in Resources */ = {isa = PBXBuildFile; fileRef = 33ED21941B789139002E3711 /* Images.xcassets */; };
		33ED21981B789139002E3711 /* LaunchScreen.xib in Resources */ = {isa = PBXBuildFile; fileRef = 33ED21961B789139002E3711 /* LaunchScreen.xib */; };
		33ED21B21B78A1BA002E3711 /* Constant.swift in Sources */ = {isa = PBXBuildFile; fileRef = 33ED21B11B78A1BA002E3711 /* Constant.swift */; };
		33ED21B61B78A7BB002E3711 /* LoginViewController.swift in Sources */ = {isa = PBXBuildFile; fileRef = 33ED21B51B78A7BB002E3711 /* LoginViewController.swift */; };
		33ED21BE1B78F44B002E3711 /* ProjectTableViewController.swift in Sources */ = {isa = PBXBuildFile; fileRef = 33ED21BD1B78F44B002E3711 /* ProjectTableViewController.swift */; };
		33ED21C31B78F92C002E3711 /* TokenResponse.swift in Sources */ = {isa = PBXBuildFile; fileRef = 33ED21C21B78F92C002E3711 /* TokenResponse.swift */; };
		33ED21C71B790581002E3711 /* APIResponse.swift in Sources */ = {isa = PBXBuildFile; fileRef = 33ED21C61B790581002E3711 /* APIResponse.swift */; };
		33ED21C91B790760002E3711 /* Token.swift in Sources */ = {isa = PBXBuildFile; fileRef = 33ED21C81B790760002E3711 /* Token.swift */; };
		33ED21CB1B79FE50002E3711 /* ProjectResponse.swift in Sources */ = {isa = PBXBuildFile; fileRef = 33ED21CA1B79FE50002E3711 /* ProjectResponse.swift */; };
		33ED21CD1B79FED8002E3711 /* ProjectListResponse.swift in Sources */ = {isa = PBXBuildFile; fileRef = 33ED21CC1B79FED8002E3711 /* ProjectListResponse.swift */; };
		33ED21CF1B7A0251002E3711 /* ProjectPreviewViewController.swift in Sources */ = {isa = PBXBuildFile; fileRef = 33ED21CE1B7A0251002E3711 /* ProjectPreviewViewController.swift */; };
		FFDFA9E9310AF03B2C0B74EC /* Pods.framework in Frameworks */ = {isa = PBXBuildFile; fileRef = 8EAF606E4EE4A115E78CA271 /* Pods.framework */; settings = {ATTRIBUTES = (Weak, ); }; };
/* End PBXBuildFile section */

/* Begin PBXContainerItemProxy section */
		33ED219E1B789139002E3711 /* PBXContainerItemProxy */ = {
			isa = PBXContainerItemProxy;
			containerPortal = 33ED21801B789138002E3711 /* Project object */;
			proxyType = 1;
			remoteGlobalIDString = 33ED21871B789139002E3711;
			remoteInfo = AppStudio;
		};
/* End PBXContainerItemProxy section */

/* Begin PBXFileReference section */
		333F14111B9F1216007E9D87 /* SettingsTableViewController.swift */ = {isa = PBXFileReference; fileEncoding = 4; lastKnownFileType = sourcecode.swift; path = SettingsTableViewController.swift; sourceTree = "<group>"; };
		333F14151B9F34DF007E9D87 /* ProfileEditTableViewController.swift */ = {isa = PBXFileReference; fileEncoding = 4; lastKnownFileType = sourcecode.swift; path = ProfileEditTableViewController.swift; sourceTree = "<group>"; };
		333F14171B9F40C2007E9D87 /* Diff-Bridging-Header.h */ = {isa = PBXFileReference; lastKnownFileType = sourcecode.c.h; path = "Diff-Bridging-Header.h"; sourceTree = "<group>"; };
		333F14181B9F56F4007E9D87 /* ResetPasswordViewController.swift */ = {isa = PBXFileReference; fileEncoding = 4; lastKnownFileType = sourcecode.swift; path = ResetPasswordViewController.swift; sourceTree = "<group>"; };
		3382772C1B7A0A0900986831 /* SignupViewController.swift */ = {isa = PBXFileReference; fileEncoding = 4; lastKnownFileType = sourcecode.swift; path = SignupViewController.swift; sourceTree = "<group>"; };
		3382772E1B7A0AB300986831 /* UserResponse.swift */ = {isa = PBXFileReference; fileEncoding = 4; lastKnownFileType = sourcecode.swift; path = UserResponse.swift; sourceTree = "<group>"; };
		338277301B7A0CAA00986831 /* LoginNavigationController.swift */ = {isa = PBXFileReference; fileEncoding = 4; lastKnownFileType = sourcecode.swift; path = LoginNavigationController.swift; sourceTree = "<group>"; };
		338277381B7A398400986831 /* zh-Hant */ = {isa = PBXFileReference; lastKnownFileType = text.plist.strings; name = "zh-Hant"; path = "zh-Hant.lproj/Main.strings"; sourceTree = "<group>"; };
		338277391B7A398400986831 /* zh-Hant */ = {isa = PBXFileReference; lastKnownFileType = text.plist.strings; name = "zh-Hant"; path = "zh-Hant.lproj/LaunchScreen.strings"; sourceTree = "<group>"; };
		33EB66D11B9DF01D00760DAB /* LoginTextField.swift */ = {isa = PBXFileReference; fileEncoding = 4; lastKnownFileType = sourcecode.swift; path = LoginTextField.swift; sourceTree = "<group>"; };
		33EB66D31B9DF91C00760DAB /* LoginButton.swift */ = {isa = PBXFileReference; fileEncoding = 4; lastKnownFileType = sourcecode.swift; path = LoginButton.swift; sourceTree = "<group>"; };
		33EB66D51B9DFEAA00760DAB /* UIButton+BGColor.swift */ = {isa = PBXFileReference; fileEncoding = 4; lastKnownFileType = sourcecode.swift; path = "UIButton+BGColor.swift"; sourceTree = "<group>"; };
		33ED21881B789139002E3711 /* Diff.app */ = {isa = PBXFileReference; explicitFileType = wrapper.application; includeInIndex = 0; path = Diff.app; sourceTree = BUILT_PRODUCTS_DIR; };
		33ED218C1B789139002E3711 /* Info.plist */ = {isa = PBXFileReference; lastKnownFileType = text.plist.xml; path = Info.plist; sourceTree = "<group>"; };
		33ED218D1B789139002E3711 /* AppDelegate.swift */ = {isa = PBXFileReference; lastKnownFileType = sourcecode.swift; path = AppDelegate.swift; sourceTree = "<group>"; };
		33ED21921B789139002E3711 /* Base */ = {isa = PBXFileReference; lastKnownFileType = file.storyboard; name = Base; path = Base.lproj/Main.storyboard; sourceTree = "<group>"; };
		33ED21941B789139002E3711 /* Images.xcassets */ = {isa = PBXFileReference; lastKnownFileType = folder.assetcatalog; path = Images.xcassets; sourceTree = "<group>"; };
		33ED21971B789139002E3711 /* Base */ = {isa = PBXFileReference; lastKnownFileType = file.xib; name = Base; path = Base.lproj/LaunchScreen.xib; sourceTree = "<group>"; };
		33ED219D1B789139002E3711 /* DiffTests.xctest */ = {isa = PBXFileReference; explicitFileType = wrapper.cfbundle; includeInIndex = 0; path = DiffTests.xctest; sourceTree = BUILT_PRODUCTS_DIR; };
		33ED21AF1B78A04F002E3711 /* Alamofire.framework */ = {isa = PBXFileReference; lastKnownFileType = wrapper.framework; name = Alamofire.framework; path = "Pods/../build/Debug-iphoneos/Alamofire.framework"; sourceTree = "<group>"; };
		33ED21B11B78A1BA002E3711 /* Constant.swift */ = {isa = PBXFileReference; fileEncoding = 4; lastKnownFileType = sourcecode.swift; path = Constant.swift; sourceTree = "<group>"; };
		33ED21B51B78A7BB002E3711 /* LoginViewController.swift */ = {isa = PBXFileReference; fileEncoding = 4; lastKnownFileType = sourcecode.swift; path = LoginViewController.swift; sourceTree = "<group>"; };
		33ED21BD1B78F44B002E3711 /* ProjectTableViewController.swift */ = {isa = PBXFileReference; fileEncoding = 4; lastKnownFileType = sourcecode.swift; path = ProjectTableViewController.swift; sourceTree = "<group>"; };
		33ED21C21B78F92C002E3711 /* TokenResponse.swift */ = {isa = PBXFileReference; fileEncoding = 4; lastKnownFileType = sourcecode.swift; path = TokenResponse.swift; sourceTree = "<group>"; };
		33ED21C61B790581002E3711 /* APIResponse.swift */ = {isa = PBXFileReference; fileEncoding = 4; lastKnownFileType = sourcecode.swift; path = APIResponse.swift; sourceTree = "<group>"; };
		33ED21C81B790760002E3711 /* Token.swift */ = {isa = PBXFileReference; fileEncoding = 4; lastKnownFileType = sourcecode.swift; path = Token.swift; sourceTree = "<group>"; };
		33ED21CA1B79FE50002E3711 /* ProjectResponse.swift */ = {isa = PBXFileReference; fileEncoding = 4; lastKnownFileType = sourcecode.swift; path = ProjectResponse.swift; sourceTree = "<group>"; };
		33ED21CC1B79FED8002E3711 /* ProjectListResponse.swift */ = {isa = PBXFileReference; fileEncoding = 4; lastKnownFileType = sourcecode.swift; path = ProjectListResponse.swift; sourceTree = "<group>"; };
		33ED21CE1B7A0251002E3711 /* ProjectPreviewViewController.swift */ = {isa = PBXFileReference; fileEncoding = 4; lastKnownFileType = sourcecode.swift; path = ProjectPreviewViewController.swift; sourceTree = "<group>"; };
		495DD027FDFA106308B21700 /* Pods.release.xcconfig */ = {isa = PBXFileReference; includeInIndex = 1; lastKnownFileType = text.xcconfig; name = Pods.release.xcconfig; path = "Pods/Target Support Files/Pods/Pods.release.xcconfig"; sourceTree = "<group>"; };
		8EAF606E4EE4A115E78CA271 /* Pods.framework */ = {isa = PBXFileReference; explicitFileType = wrapper.framework; includeInIndex = 0; path = Pods.framework; sourceTree = BUILT_PRODUCTS_DIR; };
		CEC40A18736F7484E3894A06 /* Pods.debug.xcconfig */ = {isa = PBXFileReference; includeInIndex = 1; lastKnownFileType = text.xcconfig; name = Pods.debug.xcconfig; path = "Pods/Target Support Files/Pods/Pods.debug.xcconfig"; sourceTree = "<group>"; };
/* End PBXFileReference section */

/* Begin PBXFrameworksBuildPhase section */
		33ED21851B789139002E3711 /* Frameworks */ = {
			isa = PBXFrameworksBuildPhase;
			buildActionMask = 2147483647;
			files = (
				FFDFA9E9310AF03B2C0B74EC /* Pods.framework in Frameworks */,
			);
			runOnlyForDeploymentPostprocessing = 0;
		};
		33ED219A1B789139002E3711 /* Frameworks */ = {
			isa = PBXFrameworksBuildPhase;
			buildActionMask = 2147483647;
			files = (
			);
			runOnlyForDeploymentPostprocessing = 0;
		};
/* End PBXFrameworksBuildPhase section */

/* Begin PBXGroup section */
		33ED217F1B789138002E3711 = {
			isa = PBXGroup;
			children = (
				33ED218A1B789139002E3711 /* Diff */,
				33ED21891B789139002E3711 /* Products */,
				DA93895F0D2DC3CBFDEF3A5B /* Pods */,
				663AE51DD6A8352BB98E4EFF /* Frameworks */,
			);
			sourceTree = "<group>";
		};
		33ED21891B789139002E3711 /* Products */ = {
			isa = PBXGroup;
			children = (
				33ED21881B789139002E3711 /* Diff.app */,
				33ED219D1B789139002E3711 /* DiffTests.xctest */,
			);
			name = Products;
			sourceTree = "<group>";
		};
		33ED218A1B789139002E3711 /* Diff */ = {
			isa = PBXGroup;
			children = (
				33ED218D1B789139002E3711 /* AppDelegate.swift */,
				33ED21B11B78A1BA002E3711 /* Constant.swift */,
				33ED21941B789139002E3711 /* Images.xcassets */,
				33ED21961B789139002E3711 /* LaunchScreen.xib */,
				33EB66D31B9DF91C00760DAB /* LoginButton.swift */,
				338277301B7A0CAA00986831 /* LoginNavigationController.swift */,
				33EB66D11B9DF01D00760DAB /* LoginTextField.swift */,
				333F14171B9F40C2007E9D87 /* Diff-Bridging-Header.h */,
				33ED21B51B78A7BB002E3711 /* LoginViewController.swift */,
				33ED21911B789139002E3711 /* Main.storyboard */,
				33ED21C11B78F913002E3711 /* model */,
				333F14151B9F34DF007E9D87 /* ProfileEditTableViewController.swift */,
				33ED21CE1B7A0251002E3711 /* ProjectPreviewViewController.swift */,
				333F14181B9F56F4007E9D87 /* ResetPasswordViewController.swift */,
				33ED21BD1B78F44B002E3711 /* ProjectTableViewController.swift */,
				333F14111B9F1216007E9D87 /* SettingsTableViewController.swift */,
				3382772C1B7A0A0900986831 /* SignupViewController.swift */,
				33ED218B1B789139002E3711 /* Supporting Files */,
				33EB66D51B9DFEAA00760DAB /* UIButton+BGColor.swift */,
			);
			name = Diff;
			path = DIff;
			sourceTree = "<group>";
		};
		33ED218B1B789139002E3711 /* Supporting Files */ = {
			isa = PBXGroup;
			children = (
				33ED218C1B789139002E3711 /* Info.plist */,
			);
			name = "Supporting Files";
			sourceTree = "<group>";
		};
		33ED21C11B78F913002E3711 /* model */ = {
			isa = PBXGroup;
			children = (
				33ED21C21B78F92C002E3711 /* TokenResponse.swift */,
				33ED21C81B790760002E3711 /* Token.swift */,
				33ED21C61B790581002E3711 /* APIResponse.swift */,
				33ED21CA1B79FE50002E3711 /* ProjectResponse.swift */,
				33ED21CC1B79FED8002E3711 /* ProjectListResponse.swift */,
				3382772E1B7A0AB300986831 /* UserResponse.swift */,
			);
			name = model;
			sourceTree = "<group>";
		};
		663AE51DD6A8352BB98E4EFF /* Frameworks */ = {
			isa = PBXGroup;
			children = (
				33ED21AF1B78A04F002E3711 /* Alamofire.framework */,
				8EAF606E4EE4A115E78CA271 /* Pods.framework */,
			);
			name = Frameworks;
			sourceTree = "<group>";
		};
		DA93895F0D2DC3CBFDEF3A5B /* Pods */ = {
			isa = PBXGroup;
			children = (
				CEC40A18736F7484E3894A06 /* Pods.debug.xcconfig */,
				495DD027FDFA106308B21700 /* Pods.release.xcconfig */,
			);
			name = Pods;
			sourceTree = "<group>";
		};
/* End PBXGroup section */

/* Begin PBXNativeTarget section */
		33ED21871B789139002E3711 /* Diff */ = {
			isa = PBXNativeTarget;
			buildConfigurationList = 33ED21A71B789139002E3711 /* Build configuration list for PBXNativeTarget "Diff" */;
			buildPhases = (
				CFBFB69E57803085921C9B08 /* Check Pods Manifest.lock */,
				33ED21841B789139002E3711 /* Sources */,
				33ED21851B789139002E3711 /* Frameworks */,
				33ED21861B789139002E3711 /* Resources */,
				21A3CCAA61169BCBACFC1A3D /* Embed Pods Frameworks */,
				077132E869C91F4A8FC43C40 /* Copy Pods Resources */,
			);
			buildRules = (
			);
			dependencies = (
			);
			name = Diff;
			productName = AppStudio;
			productReference = 33ED21881B789139002E3711 /* Diff.app */;
			productType = "com.apple.product-type.application";
		};
		33ED219C1B789139002E3711 /* DiffTests */ = {
			isa = PBXNativeTarget;
			buildConfigurationList = 33ED21AA1B789139002E3711 /* Build configuration list for PBXNativeTarget "DiffTests" */;
			buildPhases = (
				33ED21991B789139002E3711 /* Sources */,
				33ED219A1B789139002E3711 /* Frameworks */,
				33ED219B1B789139002E3711 /* Resources */,
			);
			buildRules = (
			);
			dependencies = (
				33ED219F1B789139002E3711 /* PBXTargetDependency */,
			);
			name = DiffTests;
			productName = AppStudioTests;
			productReference = 33ED219D1B789139002E3711 /* DiffTests.xctest */;
			productType = "com.apple.product-type.bundle.unit-test";
		};
/* End PBXNativeTarget section */

/* Begin PBXProject section */
		33ED21801B789138002E3711 /* Project object */ = {
			isa = PBXProject;
			attributes = {
				LastSwiftUpdateCheck = 0700;
				LastUpgradeCheck = 0640;
				ORGANIZATIONNAME = tkusd;
				TargetAttributes = {
					33ED21871B789139002E3711 = {
						CreatedOnToolsVersion = 6.4;
					};
					33ED219C1B789139002E3711 = {
						CreatedOnToolsVersion = 6.4;
						TestTargetID = 33ED21871B789139002E3711;
					};
				};
			};
			buildConfigurationList = 33ED21831B789138002E3711 /* Build configuration list for PBXProject "Diff" */;
			compatibilityVersion = "Xcode 3.2";
			developmentRegion = English;
			hasScannedForEncodings = 0;
			knownRegions = (
				en,
				Base,
			);
			mainGroup = 33ED217F1B789138002E3711;
			productRefGroup = 33ED21891B789139002E3711 /* Products */;
			projectDirPath = "";
			projectRoot = "";
			targets = (
				33ED21871B789139002E3711 /* Diff */,
				33ED219C1B789139002E3711 /* DiffTests */,
			);
		};
/* End PBXProject section */

/* Begin PBXResourcesBuildPhase section */
		33ED21861B789139002E3711 /* Resources */ = {
			isa = PBXResourcesBuildPhase;
			buildActionMask = 2147483647;
			files = (
				33ED21931B789139002E3711 /* Main.storyboard in Resources */,
				33ED21981B789139002E3711 /* LaunchScreen.xib in Resources */,
				33ED21951B789139002E3711 /* Images.xcassets in Resources */,
			);
			runOnlyForDeploymentPostprocessing = 0;
		};
		33ED219B1B789139002E3711 /* Resources */ = {
			isa = PBXResourcesBuildPhase;
			buildActionMask = 2147483647;
			files = (
			);
			runOnlyForDeploymentPostprocessing = 0;
		};
/* End PBXResourcesBuildPhase section */

/* Begin PBXShellScriptBuildPhase section */
		077132E869C91F4A8FC43C40 /* Copy Pods Resources */ = {
			isa = PBXShellScriptBuildPhase;
			buildActionMask = 2147483647;
			files = (
			);
			inputPaths = (
			);
			name = "Copy Pods Resources";
			outputPaths = (
			);
			runOnlyForDeploymentPostprocessing = 0;
			shellPath = /bin/sh;
			shellScript = "\"${SRCROOT}/Pods/Target Support Files/Pods/Pods-resources.sh\"\n";
			showEnvVarsInLog = 0;
		};
		21A3CCAA61169BCBACFC1A3D /* Embed Pods Frameworks */ = {
			isa = PBXShellScriptBuildPhase;
			buildActionMask = 2147483647;
			files = (
			);
			inputPaths = (
			);
			name = "Embed Pods Frameworks";
			outputPaths = (
			);
			runOnlyForDeploymentPostprocessing = 0;
			shellPath = /bin/sh;
			shellScript = "\"${SRCROOT}/Pods/Target Support Files/Pods/Pods-frameworks.sh\"\n";
			showEnvVarsInLog = 0;
		};
		CFBFB69E57803085921C9B08 /* Check Pods Manifest.lock */ = {
			isa = PBXShellScriptBuildPhase;
			buildActionMask = 2147483647;
			files = (
			);
			inputPaths = (
			);
			name = "Check Pods Manifest.lock";
			outputPaths = (
			);
			runOnlyForDeploymentPostprocessing = 0;
			shellPath = /bin/sh;
			shellScript = "diff \"${PODS_ROOT}/../Podfile.lock\" \"${PODS_ROOT}/Manifest.lock\" > /dev/null\nif [[ $? != 0 ]] ; then\n    cat << EOM\nerror: The sandbox is not in sync with the Podfile.lock. Run 'pod install' or update your CocoaPods installation.\nEOM\n    exit 1\nfi\n";
			showEnvVarsInLog = 0;
		};
/* End PBXShellScriptBuildPhase section */

/* Begin PBXSourcesBuildPhase section */
		33ED21841B789139002E3711 /* Sources */ = {
			isa = PBXSourcesBuildPhase;
			buildActionMask = 2147483647;
			files = (
				33ED21C71B790581002E3711 /* APIResponse.swift in Sources */,
				33EB66D21B9DF01D00760DAB /* LoginTextField.swift in Sources */,
				3382772F1B7A0AB300986831 /* UserResponse.swift in Sources */,
				33ED21B61B78A7BB002E3711 /* LoginViewController.swift in Sources */,
				33ED218E1B789139002E3711 /* AppDelegate.swift in Sources */,
				33ED21CF1B7A0251002E3711 /* ProjectPreviewViewController.swift in Sources */,
				33ED21CD1B79FED8002E3711 /* ProjectListResponse.swift in Sources */,
				3382772D1B7A0A0900986831 /* SignupViewController.swift in Sources */,
				333F14161B9F34DF007E9D87 /* ProfileEditTableViewController.swift in Sources */,
				33ED21C31B78F92C002E3711 /* TokenResponse.swift in Sources */,
				33ED21BE1B78F44B002E3711 /* ProjectTableViewController.swift in Sources */,
				33ED21B21B78A1BA002E3711 /* Constant.swift in Sources */,
				33ED21C91B790760002E3711 /* Token.swift in Sources */,
				333F14191B9F56F4007E9D87 /* ResetPasswordViewController.swift in Sources */,
				33EB66D61B9DFEAA00760DAB /* UIButton+BGColor.swift in Sources */,
				33ED21CB1B79FE50002E3711 /* ProjectResponse.swift in Sources */,
				333F14121B9F1216007E9D87 /* SettingsTableViewController.swift in Sources */,
				33EB66D41B9DF91C00760DAB /* LoginButton.swift in Sources */,
				338277311B7A0CAA00986831 /* LoginNavigationController.swift in Sources */,
			);
			runOnlyForDeploymentPostprocessing = 0;
		};
		33ED21991B789139002E3711 /* Sources */ = {
			isa = PBXSourcesBuildPhase;
			buildActionMask = 2147483647;
			files = (
			);
			runOnlyForDeploymentPostprocessing = 0;
		};
/* End PBXSourcesBuildPhase section */

/* Begin PBXTargetDependency section */
		33ED219F1B789139002E3711 /* PBXTargetDependency */ = {
			isa = PBXTargetDependency;
			target = 33ED21871B789139002E3711 /* Diff */;
			targetProxy = 33ED219E1B789139002E3711 /* PBXContainerItemProxy */;
		};
/* End PBXTargetDependency section */

/* Begin PBXVariantGroup section */
		33ED21911B789139002E3711 /* Main.storyboard */ = {
			isa = PBXVariantGroup;
			children = (
				33ED21921B789139002E3711 /* Base */,
				338277381B7A398400986831 /* zh-Hant */,
			);
			name = Main.storyboard;
			sourceTree = "<group>";
		};
		33ED21961B789139002E3711 /* LaunchScreen.xib */ = {
			isa = PBXVariantGroup;
			children = (
				33ED21971B789139002E3711 /* Base */,
				338277391B7A398400986831 /* zh-Hant */,
			);
			name = LaunchScreen.xib;
			sourceTree = "<group>";
		};
/* End PBXVariantGroup section */

/* Begin XCBuildConfiguration section */
		33ED21A51B789139002E3711 /* Debug */ = {
			isa = XCBuildConfiguration;
			buildSettings = {
				ALWAYS_SEARCH_USER_PATHS = NO;
				CLANG_CXX_LANGUAGE_STANDARD = "gnu++0x";
				CLANG_CXX_LIBRARY = "libc++";
				CLANG_ENABLE_MODULES = YES;
				CLANG_ENABLE_OBJC_ARC = YES;
				CLANG_WARN_BOOL_CONVERSION = YES;
				CLANG_WARN_CONSTANT_CONVERSION = YES;
				CLANG_WARN_DIRECT_OBJC_ISA_USAGE = YES_ERROR;
				CLANG_WARN_EMPTY_BODY = YES;
				CLANG_WARN_ENUM_CONVERSION = YES;
				CLANG_WARN_INT_CONVERSION = YES;
				CLANG_WARN_OBJC_ROOT_CLASS = YES_ERROR;
				CLANG_WARN_UNREACHABLE_CODE = YES;
				CLANG_WARN__DUPLICATE_METHOD_MATCH = YES;
				"CODE_SIGN_IDENTITY[sdk=iphoneos*]" = "iPhone Developer";
				COPY_PHASE_STRIP = NO;
				DEBUG_INFORMATION_FORMAT = "dwarf-with-dsym";
				ENABLE_STRICT_OBJC_MSGSEND = YES;
				GCC_C_LANGUAGE_STANDARD = gnu99;
				GCC_DYNAMIC_NO_PIC = NO;
				GCC_NO_COMMON_BLOCKS = YES;
				GCC_OPTIMIZATION_LEVEL = 0;
				GCC_PREPROCESSOR_DEFINITIONS = (
					"DEBUG=1",
					"$(inherited)",
				);
				GCC_SYMBOLS_PRIVATE_EXTERN = NO;
				GCC_WARN_64_TO_32_BIT_CONVERSION = YES;
				GCC_WARN_ABOUT_RETURN_TYPE = YES_ERROR;
				GCC_WARN_UNDECLARED_SELECTOR = YES;
				GCC_WARN_UNINITIALIZED_AUTOS = YES_AGGRESSIVE;
				GCC_WARN_UNUSED_FUNCTION = YES;
				GCC_WARN_UNUSED_VARIABLE = YES;
				IPHONEOS_DEPLOYMENT_TARGET = 8.4;
				MTL_ENABLE_DEBUG_INFO = YES;
				ONLY_ACTIVE_ARCH = YES;
				SDKROOT = iphoneos;
				SWIFT_OPTIMIZATION_LEVEL = "-Onone";
				TARGETED_DEVICE_FAMILY = "1,2";
			};
			name = Debug;
		};
		33ED21A61B789139002E3711 /* Release */ = {
			isa = XCBuildConfiguration;
			buildSettings = {
				ALWAYS_SEARCH_USER_PATHS = NO;
				CLANG_CXX_LANGUAGE_STANDARD = "gnu++0x";
				CLANG_CXX_LIBRARY = "libc++";
				CLANG_ENABLE_MODULES = YES;
				CLANG_ENABLE_OBJC_ARC = YES;
				CLANG_WARN_BOOL_CONVERSION = YES;
				CLANG_WARN_CONSTANT_CONVERSION = YES;
				CLANG_WARN_DIRECT_OBJC_ISA_USAGE = YES_ERROR;
				CLANG_WARN_EMPTY_BODY = YES;
				CLANG_WARN_ENUM_CONVERSION = YES;
				CLANG_WARN_INT_CONVERSION = YES;
				CLANG_WARN_OBJC_ROOT_CLASS = YES_ERROR;
				CLANG_WARN_UNREACHABLE_CODE = YES;
				CLANG_WARN__DUPLICATE_METHOD_MATCH = YES;
				"CODE_SIGN_IDENTITY[sdk=iphoneos*]" = "iPhone Developer";
				COPY_PHASE_STRIP = NO;
				DEBUG_INFORMATION_FORMAT = "dwarf-with-dsym";
				ENABLE_NS_ASSERTIONS = NO;
				ENABLE_STRICT_OBJC_MSGSEND = YES;
				GCC_C_LANGUAGE_STANDARD = gnu99;
				GCC_NO_COMMON_BLOCKS = YES;
				GCC_WARN_64_TO_32_BIT_CONVERSION = YES;
				GCC_WARN_ABOUT_RETURN_TYPE = YES_ERROR;
				GCC_WARN_UNDECLARED_SELECTOR = YES;
				GCC_WARN_UNINITIALIZED_AUTOS = YES_AGGRESSIVE;
				GCC_WARN_UNUSED_FUNCTION = YES;
				GCC_WARN_UNUSED_VARIABLE = YES;
				IPHONEOS_DEPLOYMENT_TARGET = 8.4;
				MTL_ENABLE_DEBUG_INFO = NO;
				SDKROOT = iphoneos;
				TARGETED_DEVICE_FAMILY = "1,2";
				VALIDATE_PRODUCT = YES;
			};
			name = Release;
		};
		33ED21A81B789139002E3711 /* Debug */ = {
			isa = XCBuildConfiguration;
			baseConfigurationReference = CEC40A18736F7484E3894A06 /* Pods.debug.xcconfig */;
			buildSettings = {
				ASSETCATALOG_COMPILER_APPICON_NAME = AppIcon;
				FRAMEWORK_SEARCH_PATHS = (
					"$(inherited)",
					"$(PROJECT_DIR)/build/Debug-iphoneos",
				);
				INFOPLIST_FILE = "$(SRCROOT)/DIff/Info.plist";
				LD_RUNPATH_SEARCH_PATHS = "$(inherited) @executable_path/Frameworks";
				PRODUCT_NAME = Diff;
			};
			name = Debug;
		};
		33ED21A91B789139002E3711 /* Release */ = {
			isa = XCBuildConfiguration;
			baseConfigurationReference = 495DD027FDFA106308B21700 /* Pods.release.xcconfig */;
			buildSettings = {
				ASSETCATALOG_COMPILER_APPICON_NAME = AppIcon;
				FRAMEWORK_SEARCH_PATHS = (
					"$(inherited)",
					"$(PROJECT_DIR)/build/Debug-iphoneos",
				);
				INFOPLIST_FILE = "$(SRCROOT)/DIff/Info.plist";
				LD_RUNPATH_SEARCH_PATHS = "$(inherited) @executable_path/Frameworks";
				PRODUCT_NAME = Diff;
			};
			name = Release;
		};
		33ED21AB1B789139002E3711 /* Debug */ = {
			isa = XCBuildConfiguration;
			buildSettings = {
				BUNDLE_LOADER = "$(TEST_HOST)";
				FRAMEWORK_SEARCH_PATHS = (
					"$(SDKROOT)/Developer/Library/Frameworks",
					"$(inherited)",
				);
				GCC_PREPROCESSOR_DEFINITIONS = (
					"DEBUG=1",
					"$(inherited)",
				);
				INFOPLIST_FILE = AppStudioTests/Info.plist;
				LD_RUNPATH_SEARCH_PATHS = "$(inherited) @executable_path/Frameworks @loader_path/Frameworks";
				PRODUCT_NAME = DiffTests;
				TEST_HOST = "$(BUILT_PRODUCTS_DIR)/AppStudio.app/AppStudio";
			};
			name = Debug;
		};
		33ED21AC1B789139002E3711 /* Release */ = {
			isa = XCBuildConfiguration;
			buildSettings = {
				BUNDLE_LOADER = "$(TEST_HOST)";
				FRAMEWORK_SEARCH_PATHS = (
					"$(SDKROOT)/Developer/Library/Frameworks",
					"$(inherited)",
				);
				INFOPLIST_FILE = AppStudioTests/Info.plist;
				LD_RUNPATH_SEARCH_PATHS = "$(inherited) @executable_path/Frameworks @loader_path/Frameworks";
				PRODUCT_NAME = DiffTests;
				TEST_HOST = "$(BUILT_PRODUCTS_DIR)/AppStudio.app/AppStudio";
			};
			name = Release;
		};
/* End XCBuildConfiguration section */

/* Begin XCConfigurationList section */
		33ED21831B789138002E3711 /* Build configuration list for PBXProject "Diff" */ = {
			isa = XCConfigurationList;
			buildConfigurations = (
				33ED21A51B789139002E3711 /* Debug */,
				33ED21A61B789139002E3711 /* Release */,
			);
			defaultConfigurationIsVisible = 0;
			defaultConfigurationName = Release;
		};
		33ED21A71B789139002E3711 /* Build configuration list for PBXNativeTarget "Diff" */ = {
			isa = XCConfigurationList;
			buildConfigurations = (
				33ED21A81B789139002E3711 /* Debug */,
				33ED21A91B789139002E3711 /* Release */,
			);
			defaultConfigurationIsVisible = 0;
			defaultConfigurationName = Release;
		};
		33ED21AA1B789139002E3711 /* Build configuration list for PBXNativeTarget "DiffTests" */ = {
			isa = XCConfigurationList;
			buildConfigurations = (
				33ED21AB1B789139002E3711 /* Debug */,
				33ED21AC1B789139002E3711 /* Release */,
			);
			defaultConfigurationIsVisible = 0;
			defaultConfigurationName = Release;
		};
/* End XCConfigurationList section */
	};
	rootObject = 33ED21801B789138002E3711 /* Project object */;
}
